{
    "_readme": [
        "This file locks the dependencies of your project to a known state",
        "Read more about it at https://getcomposer.org/doc/01-basic-usage.md#installing-dependencies",
        "This file is @generated automatically"
    ],
    "content-hash": "03dc91dfad66b35c6cf3e805d548d6bf",
    "packages": [
        {
            "name": "phpstan/phpstan-shim",
            "version": "0.10.1",
            "source": {
                "type": "git",
                "url": "https://github.com/phpstan/phpstan-shim.git",
                "reference": "48ee97f7c066a5f5253dc399b72d9b6977171830"
            },
            "dist": {
                "type": "zip",
                "url": "https://api.github.com/repos/phpstan/phpstan-shim/zipball/48ee97f7c066a5f5253dc399b72d9b6977171830",
                "reference": "48ee97f7c066a5f5253dc399b72d9b6977171830",
                "shasum": ""
            },
            "require": {
                "php": "~7.1"
            },
            "replace": {
                "nikic/php-parser": "^4.0.2",
                "phpstan/phpstan": "self.version"
            },
            "bin": [
                "phpstan",
                "phpstan.phar"
            ],
            "type": "library",
            "extra": {
                "branch-alias": {
                    "dev-master": "0.10-dev"
                }
            },
            "notification-url": "https://packagist.org/downloads/",
            "license": [
                "MIT"
            ],
            "description": "PHPStan Phar distribution",
            "time": "2018-07-01T18:53:29+00:00"
        }
    ],
    "packages-dev": [],
    "aliases": [],
    "minimum-stability": "stable",
    "stability-flags": [],
    "prefer-stable": false,
    "prefer-lowest": false,
    "platform": [],
    "platform-dev": []
}
